// !$*UTF8*$!
{
	archiveVersion = 1;
	classes = {
	};
	objectVersion = 55;
	objects = {

/* Begin PBXBuildFile section */
		A3B6F06028B12E5F00A8501E /* AppDelegate.swift in Sources */ = {isa = PBXBuildFile; fileRef = A3B6F05F28B12E5F00A8501E /* AppDelegate.swift */; };
		A3B6F06228B12E5F00A8501E /* SceneDelegate.swift in Sources */ = {isa = PBXBuildFile; fileRef = A3B6F06128B12E5F00A8501E /* SceneDelegate.swift */; };
		A3B6F06428B12E5F00A8501E /* ViewController.swift in Sources */ = {isa = PBXBuildFile; fileRef = A3B6F06328B12E5F00A8501E /* ViewController.swift */; };
		A3B6F06928B12E6200A8501E /* Assets.xcassets in Resources */ = {isa = PBXBuildFile; fileRef = A3B6F06828B12E6200A8501E /* Assets.xcassets */; };
		A3B6F07428B13A9F00A8501E /* TotalBillView.swift in Sources */ = {isa = PBXBuildFile; fileRef = A3B6F07328B13A9F00A8501E /* TotalBillView.swift */; };
		A3B6F07628B13EE000A8501E /* PersonsView.swift in Sources */ = {isa = PBXBuildFile; fileRef = A3B6F07528B13EE000A8501E /* PersonsView.swift */; };
		A3B6F07A28B146FE00A8501E /* TipsCollectionViewCell.swift in Sources */ = {isa = PBXBuildFile; fileRef = A3B6F07928B146FE00A8501E /* TipsCollectionViewCell.swift */; };
		A3B6F08028B1489000A8501E /* TipsView.swift in Sources */ = {isa = PBXBuildFile; fileRef = A3B6F07F28B1489000A8501E /* TipsView.swift */; };
/* End PBXBuildFile section */

/* Begin PBXFileReference section */
		A3B6F05C28B12E5F00A8501E /* 1WindowNoStoryboardApp.app */ = {isa = PBXFileReference; explicitFileType = wrapper.application; includeInIndex = 0; path = 1WindowNoStoryboardApp.app; sourceTree = BUILT_PRODUCTS_DIR; };
		A3B6F05F28B12E5F00A8501E /* AppDelegate.swift */ = {isa = PBXFileReference; lastKnownFileType = sourcecode.swift; path = AppDelegate.swift; sourceTree = "<group>"; };
		A3B6F06128B12E5F00A8501E /* SceneDelegate.swift */ = {isa = PBXFileReference; lastKnownFileType = sourcecode.swift; path = SceneDelegate.swift; sourceTree = "<group>"; };
		A3B6F06328B12E5F00A8501E /* ViewController.swift */ = {isa = PBXFileReference; lastKnownFileType = sourcecode.swift; path = ViewController.swift; sourceTree = "<group>"; };
		A3B6F06828B12E6200A8501E /* Assets.xcassets */ = {isa = PBXFileReference; lastKnownFileType = folder.assetcatalog; path = Assets.xcassets; sourceTree = "<group>"; };
		A3B6F06D28B12E6200A8501E /* Info.plist */ = {isa = PBXFileReference; lastKnownFileType = text.plist.xml; path = Info.plist; sourceTree = "<group>"; };
		A3B6F07328B13A9F00A8501E /* TotalBillView.swift */ = {isa = PBXFileReference; lastKnownFileType = sourcecode.swift; path = TotalBillView.swift; sourceTree = "<group>"; };
		A3B6F07528B13EE000A8501E /* PersonsView.swift */ = {isa = PBXFileReference; lastKnownFileType = sourcecode.swift; path = PersonsView.swift; sourceTree = "<group>"; };
		A3B6F07928B146FE00A8501E /* TipsCollectionViewCell.swift */ = {isa = PBXFileReference; lastKnownFileType = sourcecode.swift; path = TipsCollectionViewCell.swift; sourceTree = "<group>"; };
		A3B6F07F28B1489000A8501E /* TipsView.swift */ = {isa = PBXFileReference; lastKnownFileType = sourcecode.swift; path = TipsView.swift; sourceTree = "<group>"; };
/* End PBXFileReference section */

/* Begin PBXFrameworksBuildPhase section */
		A3B6F05928B12E5F00A8501E /* Frameworks */ = {
			isa = PBXFrameworksBuildPhase;
			buildActionMask = 2147483647;
			files = (
			);
			runOnlyForDeploymentPostprocessing = 0;
		};
/* End PBXFrameworksBuildPhase section */

/* Begin PBXGroup section */
		A332F898296A00A900E88FC2 /* Resources */ = {
			isa = PBXGroup;
			children = (
				A3B6F06828B12E6200A8501E /* Assets.xcassets */,
				A3B6F06D28B12E6200A8501E /* Info.plist */,
			);
			path = Resources;
			sourceTree = "<group>";
		};
		A3B6F05328B12E5F00A8501E = {
			isa = PBXGroup;
			children = (
				A3B6F05E28B12E5F00A8501E /* 1WindowNoStoryboardApp */,
				A3B6F05D28B12E5F00A8501E /* Products */,
			);
			sourceTree = "<group>";
		};
		A3B6F05D28B12E5F00A8501E /* Products */ = {
			isa = PBXGroup;
			children = (
				A3B6F05C28B12E5F00A8501E /* 1WindowNoStoryboardApp.app */,
			);
			name = Products;
			sourceTree = "<group>";
		};
		A3B6F05E28B12E5F00A8501E /* 1WindowNoStoryboardApp */ = {
			isa = PBXGroup;
			children = (
				A3B6F07E28B1476900A8501E /* Application */,
				A3B6F07B28B1470E00A8501E /* Controllers */,
				A3B6F07C28B1471B00A8501E /* Views */,
				A332F898296A00A900E88FC2 /* Resources */,
			);
			path = 1WindowNoStoryboardApp;
			sourceTree = "<group>";
		};
		A3B6F07B28B1470E00A8501E /* Controllers */ = {
			isa = PBXGroup;
			children = (
				A3B6F06328B12E5F00A8501E /* ViewController.swift */,
			);
			path = Controllers;
			sourceTree = "<group>";
		};
		A3B6F07C28B1471B00A8501E /* Views */ = {
			isa = PBXGroup;
			children = (
				A3B6F07D28B1472B00A8501E /* Cells */,
				A3B6F07328B13A9F00A8501E /* TotalBillView.swift */,
				A3B6F07528B13EE000A8501E /* PersonsView.swift */,
				A3B6F07F28B1489000A8501E /* TipsView.swift */,
			);
			path = Views;
			sourceTree = "<group>";
		};
		A3B6F07D28B1472B00A8501E /* Cells */ = {
			isa = PBXGroup;
			children = (
				A3B6F07928B146FE00A8501E /* TipsCollectionViewCell.swift */,
			);
			path = Cells;
			sourceTree = "<group>";
		};
		A3B6F07E28B1476900A8501E /* Application */ = {
			isa = PBXGroup;
			children = (
				A3B6F05F28B12E5F00A8501E /* AppDelegate.swift */,
				A3B6F06128B12E5F00A8501E /* SceneDelegate.swift */,
			);
			path = Application;
			sourceTree = "<group>";
		};
/* End PBXGroup section */

/* Begin PBXNativeTarget section */
		A3B6F05B28B12E5F00A8501E /* 1WindowNoStoryboardApp */ = {
			isa = PBXNativeTarget;
			buildConfigurationList = A3B6F07028B12E6200A8501E /* Build configuration list for PBXNativeTarget "1WindowNoStoryboardApp" */;
			buildPhases = (
				A3B6F05828B12E5F00A8501E /* Sources */,
				A3B6F05928B12E5F00A8501E /* Frameworks */,
				A3B6F05A28B12E5F00A8501E /* Resources */,
			);
			buildRules = (
			);
			dependencies = (
			);
			name = 1WindowNoStoryboardApp;
			productName = 1WindowNoStoryboardApp;
			productReference = A3B6F05C28B12E5F00A8501E /* 1WindowNoStoryboardApp.app */;
			productType = "com.apple.product-type.application";
		};
/* End PBXNativeTarget section */

/* Begin PBXProject section */
		A3B6F05428B12E5F00A8501E /* Project object */ = {
			isa = PBXProject;
			attributes = {
				BuildIndependentTargetsInParallel = 1;
				LastSwiftUpdateCheck = 1340;
				LastUpgradeCheck = 1340;
				TargetAttributes = {
					A3B6F05B28B12E5F00A8501E = {
						CreatedOnToolsVersion = 13.4.1;
					};
				};
			};
			buildConfigurationList = A3B6F05728B12E5F00A8501E /* Build configuration list for PBXProject "1WindowNoStoryboardApp" */;
			compatibilityVersion = "Xcode 13.0";
			developmentRegion = en;
			hasScannedForEncodings = 0;
			knownRegions = (
				en,
				Base,
			);
			mainGroup = A3B6F05328B12E5F00A8501E;
			productRefGroup = A3B6F05D28B12E5F00A8501E /* Products */;
			projectDirPath = "";
			projectRoot = "";
			targets = (
				A3B6F05B28B12E5F00A8501E /* 1WindowNoStoryboardApp */,
			);
		};
/* End PBXProject section */

/* Begin PBXResourcesBuildPhase section */
		A3B6F05A28B12E5F00A8501E /* Resources */ = {
			isa = PBXResourcesBuildPhase;
			buildActionMask = 2147483647;
			files = (
				A3B6F06928B12E6200A8501E /* Assets.xcassets in Resources */,
			);
			runOnlyForDeploymentPostprocessing = 0;
		};
/* End PBXResourcesBuildPhase section */

/* Begin PBXSourcesBuildPhase section */
		A3B6F05828B12E5F00A8501E /* Sources */ = {
			isa = PBXSourcesBuildPhase;
			buildActionMask = 2147483647;
			files = (
				A3B6F07428B13A9F00A8501E /* TotalBillView.swift in Sources */,
				A3B6F07628B13EE000A8501E /* PersonsView.swift in Sources */,
				A3B6F06428B12E5F00A8501E /* ViewController.swift in Sources */,
				A3B6F07A28B146FE00A8501E /* TipsCollectionViewCell.swift in Sources */,
				A3B6F08028B1489000A8501E /* TipsView.swift in Sources */,
				A3B6F06028B12E5F00A8501E /* AppDelegate.swift in Sources */,
				A3B6F06228B12E5F00A8501E /* SceneDelegate.swift in Sources */,
			);
			runOnlyForDeploymentPostprocessing = 0;
		};
/* End PBXSourcesBuildPhase section */

/* Begin XCBuildConfiguration section */
		A3B6F06E28B12E6200A8501E /* Debug */ = {
			isa = XCBuildConfiguration;
			buildSettings = {
				ALWAYS_SEARCH_USER_PATHS = NO;
				CLANG_ANALYZER_NONNULL = YES;
				CLANG_ANALYZER_NUMBER_OBJECT_CONVERSION = YES_AGGRESSIVE;
				CLANG_CXX_LANGUAGE_STANDARD = "gnu++17";
				CLANG_ENABLE_MODULES = YES;
				CLANG_ENABLE_OBJC_ARC = YES;
				CLANG_ENABLE_OBJC_WEAK = YES;
				CLANG_WARN_BLOCK_CAPTURE_AUTORELEASING = YES;
				CLANG_WARN_BOOL_CONVERSION = YES;
				CLANG_WARN_COMMA = YES;
				CLANG_WARN_CONSTANT_CONVERSION = YES;
				CLANG_WARN_DEPRECATED_OBJC_IMPLEMENTATIONS = YES;
				CLANG_WARN_DIRECT_OBJC_ISA_USAGE = YES_ERROR;
				CLANG_WARN_DOCUMENTATION_COMMENTS = YES;
				CLANG_WARN_EMPTY_BODY = YES;
				CLANG_WARN_ENUM_CONVERSION = YES;
				CLANG_WARN_INFINITE_RECURSION = YES;
				CLANG_WARN_INT_CONVERSION = YES;
				CLANG_WARN_NON_LITERAL_NULL_CONVERSION = YES;
				CLANG_WARN_OBJC_IMPLICIT_RETAIN_SELF = YES;
				CLANG_WARN_OBJC_LITERAL_CONVERSION = YES;
				CLANG_WARN_OBJC_ROOT_CLASS = YES_ERROR;
				CLANG_WARN_QUOTED_INCLUDE_IN_FRAMEWORK_HEADER = YES;
				CLANG_WARN_RANGE_LOOP_ANALYSIS = YES;
				CLANG_WARN_STRICT_PROTOTYPES = YES;
				CLANG_WARN_SUSPICIOUS_MOVE = YES;
				CLANG_WARN_UNGUARDED_AVAILABILITY = YES_AGGRESSIVE;
				CLANG_WARN_UNREACHABLE_CODE = YES;
				CLANG_WARN__DUPLICATE_METHOD_MATCH = YES;
				COPY_PHASE_STRIP = NO;
				DEBUG_INFORMATION_FORMAT = dwarf;
				ENABLE_STRICT_OBJC_MSGSEND = YES;
				ENABLE_TESTABILITY = YES;
				GCC_C_LANGUAGE_STANDARD = gnu11;
				GCC_DYNAMIC_NO_PIC = NO;
				GCC_NO_COMMON_BLOCKS = YES;
				GCC_OPTIMIZATION_LEVEL = 0;
				GCC_PREPROCESSOR_DEFINITIONS = (
					"DEBUG=1",
					"$(inherited)",
				);
				GCC_WARN_64_TO_32_BIT_CONVERSION = YES;
				GCC_WARN_ABOUT_RETURN_TYPE = YES_ERROR;
				GCC_WARN_UNDECLARED_SELECTOR = YES;
				GCC_WARN_UNINITIALIZED_AUTOS = YES_AGGRESSIVE;
				GCC_WARN_UNUSED_FUNCTION = YES;
				GCC_WARN_UNUSED_VARIABLE = YES;
				IPHONEOS_DEPLOYMENT_TARGET = 15.5;
				MTL_ENABLE_DEBUG_INFO = INCLUDE_SOURCE;
				MTL_FAST_MATH = YES;
				ONLY_ACTIVE_ARCH = YES;
				SDKROOT = iphoneos;
				SWIFT_ACTIVE_COMPILATION_CONDITIONS = DEBUG;
				SWIFT_OPTIMIZATION_LEVEL = "-Onone";
			};
			name = Debug;
		};
		A3B6F06F28B12E6200A8501E /* Release */ = {
			isa = XCBuildConfiguration;
			buildSettings = {
				ALWAYS_SEARCH_USER_PATHS = NO;
				CLANG_ANALYZER_NONNULL = YES;
				CLANG_ANALYZER_NUMBER_OBJECT_CONVERSION = YES_AGGRESSIVE;
				CLANG_CXX_LANGUAGE_STANDARD = "gnu++17";
				CLANG_ENABLE_MODULES = YES;
				CLANG_ENABLE_OBJC_ARC = YES;
				CLANG_ENABLE_OBJC_WEAK = YES;
				CLANG_WARN_BLOCK_CAPTURE_AUTORELEASING = YES;
				CLANG_WARN_BOOL_CONVERSION = YES;
				CLANG_WARN_COMMA = YES;
				CLANG_WARN_CONSTANT_CONVERSION = YES;
				CLANG_WARN_DEPRECATED_OBJC_IMPLEMENTATIONS = YES;
				CLANG_WARN_DIRECT_OBJC_ISA_USAGE = YES_ERROR;
				CLANG_WARN_DOCUMENTATION_COMMENTS = YES;
				CLANG_WARN_EMPTY_BODY = YES;
				CLANG_WARN_ENUM_CONVERSION = YES;
				CLANG_WARN_INFINITE_RECURSION = YES;
				CLANG_WARN_INT_CONVERSION = YES;
				CLANG_WARN_NON_LITERAL_NULL_CONVERSION = YES;
				CLANG_WARN_OBJC_IMPLICIT_RETAIN_SELF = YES;
				CLANG_WARN_OBJC_LITERAL_CONVERSION = YES;
				CLANG_WARN_OBJC_ROOT_CLASS = YES_ERROR;
				CLANG_WARN_QUOTED_INCLUDE_IN_FRAMEWORK_HEADER = YES;
				CLANG_WARN_RANGE_LOOP_ANALYSIS = YES;
				CLANG_WARN_STRICT_PROTOTYPES = YES;
				CLANG_WARN_SUSPICIOUS_MOVE = YES;
				CLANG_WARN_UNGUARDED_AVAILABILITY = YES_AGGRESSIVE;
				CLANG_WARN_UNREACHABLE_CODE = YES;
				CLANG_WARN__DUPLICATE_METHOD_MATCH = YES;
				COPY_PHASE_STRIP = NO;
				DEBUG_INFORMATION_FORMAT = "dwarf-with-dsym";
				ENABLE_NS_ASSERTIONS = NO;
				ENABLE_STRICT_OBJC_MSGSEND = YES;
				GCC_C_LANGUAGE_STANDARD = gnu11;
				GCC_NO_COMMON_BLOCKS = YES;
				GCC_WARN_64_TO_32_BIT_CONVERSION = YES;
				GCC_WARN_ABOUT_RETURN_TYPE = YES_ERROR;
				GCC_WARN_UNDECLARED_SELECTOR = YES;
				GCC_WARN_UNINITIALIZED_AUTOS = YES_AGGRESSIVE;
				GCC_WARN_UNUSED_FUNCTION = YES;
				GCC_WARN_UNUSED_VARIABLE = YES;
				IPHONEOS_DEPLOYMENT_TARGET = 15.5;
				MTL_ENABLE_DEBUG_INFO = NO;
				MTL_FAST_MATH = YES;
				SDKROOT = iphoneos;
				SWIFT_COMPILATION_MODE = wholemodule;
				SWIFT_OPTIMIZATION_LEVEL = "-O";
				VALIDATE_PRODUCT = YES;
			};
			name = Release;
		};
		A3B6F07128B12E6200A8501E /* Debug */ = {
			isa = XCBuildConfiguration;
			buildSettings = {
				ASSETCATALOG_COMPILER_APPICON_NAME = AppIcon;
				ASSETCATALOG_COMPILER_GLOBAL_ACCENT_COLOR_NAME = AccentColor;
				CODE_SIGN_STYLE = Automatic;
				CURRENT_PROJECT_VERSION = 1;
				DEVELOPMENT_TEAM = WK59LLD9VR;
				GENERATE_INFOPLIST_FILE = YES;
				INFOPLIST_FILE = 1WindowNoStoryboardApp/Resources/Info.plist;
				INFOPLIST_KEY_CFBundleDisplayName = "Total Bill";
				INFOPLIST_KEY_UIApplicationSupportsIndirectInputEvents = YES;
				INFOPLIST_KEY_UILaunchStoryboardName = LaunchScreen;
				INFOPLIST_KEY_UISupportedInterfaceOrientations = UIInterfaceOrientationPortrait;
				INFOPLIST_KEY_UISupportedInterfaceOrientations_iPad = "UIInterfaceOrientationPortrait UIInterfaceOrientationPortraitUpsideDown UIInterfaceOrientationLandscapeLeft UIInterfaceOrientationLandscapeRight";
				INFOPLIST_KEY_UISupportedInterfaceOrientations_iPhone = "UIInterfaceOrientationPortrait UIInterfaceOrientationLandscapeLeft UIInterfaceOrientationLandscapeRight";
				LD_RUNPATH_SEARCH_PATHS = (
					"$(inherited)",
					"@executable_path/Frameworks",
				);
				MARKETING_VERSION = 1.0;
				PRODUCT_BUNDLE_IDENTIFIER = "com.alexanderpolischuk.-WindowNoStoryboardApp";
				PRODUCT_NAME = "$(TARGET_NAME)";
				SWIFT_EMIT_LOC_STRINGS = YES;
				SWIFT_VERSION = 5.0;
				TARGETED_DEVICE_FAMILY = 1;
			};
			name = Debug;
		};
		A3B6F07228B12E6200A8501E /* Release */ = {
			isa = XCBuildConfiguration;
			buildSettings = {
				ASSETCATALOG_COMPILER_APPICON_NAME = AppIcon;
				ASSETCATALOG_COMPILER_GLOBAL_ACCENT_COLOR_NAME = AccentColor;
				CODE_SIGN_STYLE = Automatic;
				CURRENT_PROJECT_VERSION = 1;
				DEVELOPMENT_TEAM = WK59LLD9VR;
				GENERATE_INFOPLIST_FILE = YES;
				INFOPLIST_FILE = 1WindowNoStoryboardApp/Resources/Info.plist;
				INFOPLIST_KEY_CFBundleDisplayName = "Total Bill";
				INFOPLIST_KEY_UIApplicationSupportsIndirectInputEvents = YES;
				INFOPLIST_KEY_UILaunchStoryboardName = LaunchScreen;
				INFOPLIST_KEY_UISupportedInterfaceOrientations = UIInterfaceOrientationPortrait;
				INFOPLIST_KEY_UISupportedInterfaceOrientations_iPad = "UIInterfaceOrientationPortrait UIInterfaceOrientationPortraitUpsideDown UIInterfaceOrientationLandscapeLeft UIInterfaceOrientationLandscapeRight";
				INFOPLIST_KEY_UISupportedInterfaceOrientations_iPhone = "UIInterfaceOrientationPortrait UIInterfaceOrientationLandscapeLeft UIInterfaceOrientationLandscapeRight";
				LD_RUNPATH_SEARCH_PATHS = (
					"$(inherited)",
					"@executable_path/Frameworks",
				);
				MARKETING_VERSION = 1.0;
				PRODUCT_BUNDLE_IDENTIFIER = "com.alexanderpolischuk.-WindowNoStoryboardApp";
				PRODUCT_NAME = "$(TARGET_NAME)";
				SWIFT_EMIT_LOC_STRINGS = YES;
				SWIFT_VERSION = 5.0;
				TARGETED_DEVICE_FAMILY = 1;
			};
			name = Release;
		};
/* End XCBuildConfiguration section */

/* Begin XCConfigurationList section */
		A3B6F05728B12E5F00A8501E /* Build configuration list for PBXProject "1WindowNoStoryboardApp" */ = {
			isa = XCConfigurationList;
			buildConfigurations = (
				A3B6F06E28B12E6200A8501E /* Debug */,
				A3B6F06F28B12E6200A8501E /* Release */,
			);
			defaultConfigurationIsVisible = 0;
			defaultConfigurationName = Release;
		};
		A3B6F07028B12E6200A8501E /* Build configuration list for PBXNativeTarget "1WindowNoStoryboardApp" */ = {
			isa = XCConfigurationList;
			buildConfigurations = (
				A3B6F07128B12E6200A8501E /* Debug */,
				A3B6F07228B12E6200A8501E /* Release */,
			);
			defaultConfigurationIsVisible = 0;
			defaultConfigurationName = Release;
		};
/* End XCConfigurationList section */
	};
	rootObject = A3B6F05428B12E5F00A8501E /* Project object */;
}
